
Microsoft Visual Studio Solution File, Format Version 12.00
# Visual Studio Version 16
VisualStudioVersion = 16.0.29728.190
MinimumVisualStudioVersion = 10.0.40219.1
Project("{9A19103F-16F7-4668-BE54-9A1E7A4F7556}") = "BTree", "BTree\BTree.csproj", "{BFC40F17-3F0B-4C4C-AEB6-3200251C2DFA}"
EndProject
Project("{FAE04EC0-301F-11D3-BF4B-00C04F79EFBC}") = "BTreeVisualization", "BTreeVisualization\BTreeVisualization.csproj", "{00F25CA4-8E46-4B40-9441-5FA86BF97C31}"
EndProject
Global
	GlobalSection(SolutionConfigurationPlatforms) = preSolution
		Debug|Any CPU = Debug|Any CPU
		Release|Any CPU = Release|Any CPU
	EndGlobalSection
	GlobalSection(ProjectConfigurationPlatforms) = postSolution
		{BFC40F17-3F0B-4C4C-AEB6-3200251C2DFA}.Debug|Any CPU.ActiveCfg = Debug|Any CPU
		{BFC40F17-3F0B-4C4C-AEB6-3200251C2DFA}.Debug|Any CPU.Build.0 = Debug|Any CPU
		{BFC40F17-3F0B-4C4C-AEB6-3200251C2DFA}.Release|Any CPU.ActiveCfg = Release|Any CPU
		{BFC40F17-3F0B-4C4C-AEB6-3200251C2DFA}.Release|Any CPU.Build.0 = Release|Any CPU
		{00F25CA4-8E46-4B40-9441-5FA86BF97C31}.Debug|Any CPU.ActiveCfg = Debug|Any CPU
		{00F25CA4-8E46-4B40-9441-5FA86BF97C31}.Debug|Any CPU.Build.0 = Debug|Any CPU
		{00F25CA4-8E46-4B40-9441-5FA86BF97C31}.Release|Any CPU.ActiveCfg = Release|Any CPU
		{00F25CA4-8E46-4B40-9441-5FA86BF97C31}.Release|Any CPU.Build.0 = Release|Any CPU
	EndGlobalSection
	GlobalSection(SolutionProperties) = preSolution
		HideSolutionNode = FALSE
	EndGlobalSection
	GlobalSection(ExtensibilityGlobals) = postSolution
		SolutionGuid = {7894232B-9A58-41BC-AEE2-F0D0960161D2}
	EndGlobalSection
EndGlobal
